{
  "lockfileVersion": 1,
  "workspaces": {
    "": {
      "name": "orgnote-api",
      "dependencies": {
        "@capacitor/filesystem": "6.0.0",
        "@codemirror/state": "6.4.1",
        "@codemirror/view": "6.26.3",
        "@faker-js/faker": "9.3.0",
        "axios": "1.7.3",
        "openpgp": "5.11.1",
        "org-mode-ast": "0.11.8",
        "pinia": "2.3.0",
        "quasar": "2.16.6",
        "vue": "3.5.13",
        "vue-router": "4.5.0",
      },
      "devDependencies": {
        "@eslint/js": "9.17.0",
        "@openapitools/openapi-generator-cli": "2.13.4",
        "@types/node": "20.13.0",
        "eslint": "9.17.0",
        "fix-esm-import-path": "1.10.0",
        "globals": "15.14.0",
        "ts-patch": "3.2.1",
        "typescript": "5.3.3",
        "typescript-eslint": "8.18.1",
        "typescript-transform-paths": "3.5.1",
        "typescript-transformer-esm": "1.1.0",
        "vitest": "1.5.0",
      },
      "peerDependencies": {
        "valibot": "1.0.0-beta.9",
      },
    },
  },
  "packages": {
    "@babel/helper-string-parser": ["@babel/helper-string-parser@7.25.9", "", {}, ""],

    "@babel/helper-validator-identifier": ["@babel/helper-validator-identifier@7.25.9", "", {}, ""],

    "@babel/parser": ["@babel/parser@7.26.3", "", { "dependencies": { "@babel/types": "^7.26.3" }, "bin": { "parser": "bin/babel-parser.js" } }, ""],

    "@babel/runtime": ["@babel/runtime@7.23.9", "", { "dependencies": { "regenerator-runtime": "^0.14.0" } }, ""],

    "@babel/types": ["@babel/types@7.26.3", "", { "dependencies": { "@babel/helper-string-parser": "^7.25.9", "@babel/helper-validator-identifier": "^7.25.9" } }, ""],

    "@capacitor/core": ["@capacitor/core@6.1.0", "", { "dependencies": { "tslib": "^2.1.0" } }, ""],

    "@capacitor/filesystem": ["@capacitor/filesystem@6.0.0", "", { "peerDependencies": { "@capacitor/core": "^6.0.0" } }, ""],

    "@codemirror/state": ["@codemirror/state@6.4.1", "", {}, ""],

    "@codemirror/view": ["@codemirror/view@6.26.3", "", { "dependencies": { "@codemirror/state": "^6.4.0", "style-mod": "^4.1.0", "w3c-keyname": "^2.2.4" } }, ""],

    "@esbuild/darwin-arm64": ["@esbuild/darwin-arm64@0.20.2", "", { "os": "darwin", "cpu": "arm64" }, ""],

    "@eslint-community/eslint-utils": ["@eslint-community/eslint-utils@4.4.1", "", { "dependencies": { "eslint-visitor-keys": "^3.4.3" }, "peerDependencies": { "eslint": "^6.0.0 || ^7.0.0 || >=8.0.0" } }, ""],

    "@eslint-community/regexpp": ["@eslint-community/regexpp@4.12.1", "", {}, ""],

    "@eslint/config-array": ["@eslint/config-array@0.19.1", "", { "dependencies": { "@eslint/object-schema": "^2.1.5", "debug": "^4.3.1", "minimatch": "^3.1.2" } }, ""],

    "@eslint/core": ["@eslint/core@0.9.1", "", { "dependencies": { "@types/json-schema": "^7.0.15" } }, ""],

    "@eslint/eslintrc": ["@eslint/eslintrc@3.2.0", "", { "dependencies": { "ajv": "^6.12.4", "debug": "^4.3.2", "espree": "^10.0.1", "globals": "^14.0.0", "ignore": "^5.2.0", "import-fresh": "^3.2.1", "js-yaml": "^4.1.0", "minimatch": "^3.1.2", "strip-json-comments": "^3.1.1" } }, ""],

    "@eslint/js": ["@eslint/js@9.17.0", "", {}, ""],

    "@eslint/object-schema": ["@eslint/object-schema@2.1.5", "", {}, ""],

    "@eslint/plugin-kit": ["@eslint/plugin-kit@0.2.4", "", { "dependencies": { "levn": "^0.4.1" } }, ""],

    "@faker-js/faker": ["@faker-js/faker@9.3.0", "", {}, ""],

    "@humanfs/core": ["@humanfs/core@0.19.1", "", {}, ""],

    "@humanfs/node": ["@humanfs/node@0.16.6", "", { "dependencies": { "@humanfs/core": "^0.19.1", "@humanwhocodes/retry": "^0.3.0" } }, ""],

    "@humanwhocodes/module-importer": ["@humanwhocodes/module-importer@1.0.1", "", {}, ""],

    "@humanwhocodes/retry": ["@humanwhocodes/retry@0.4.1", "", {}, ""],

    "@jest/schemas": ["@jest/schemas@29.6.3", "", { "dependencies": { "@sinclair/typebox": "^0.27.8" } }, ""],

    "@jridgewell/sourcemap-codec": ["@jridgewell/sourcemap-codec@1.4.15", "", {}, ""],

    "@lukeed/csprng": ["@lukeed/csprng@1.1.0", "", {}, ""],

    "@nestjs/axios": ["@nestjs/axios@3.0.2", "", { "peerDependencies": { "@nestjs/common": "^7.0.0 || ^8.0.0 || ^9.0.0 || ^10.0.0", "axios": "^1.3.1", "rxjs": "^6.0.0 || ^7.0.0" } }, ""],

    "@nestjs/common": ["@nestjs/common@10.3.0", "", { "dependencies": { "iterare": "1.2.1", "tslib": "2.6.2", "uid": "2.0.2" }, "peerDependencies": { "class-transformer": "*", "class-validator": "*", "reflect-metadata": "^0.1.12", "rxjs": "^7.1.0" }, "optionalPeers": ["class-transformer", "class-validator"] }, ""],

    "@nestjs/core": ["@nestjs/core@10.3.0", "", { "dependencies": { "@nuxtjs/opencollective": "0.3.2", "fast-safe-stringify": "2.1.1", "iterare": "1.2.1", "path-to-regexp": "3.2.0", "tslib": "2.6.2", "uid": "2.0.2" }, "peerDependencies": { "@nestjs/common": "^10.0.0", "@nestjs/microservices": "^10.0.0", "@nestjs/platform-express": "^10.0.0", "@nestjs/websockets": "^10.0.0", "reflect-metadata": "^0.1.12", "rxjs": "^7.1.0" }, "optionalPeers": ["@nestjs/microservices", "@nestjs/platform-express", "@nestjs/websockets"] }, ""],

    "@nodelib/fs.scandir": ["@nodelib/fs.scandir@2.1.5", "", { "dependencies": { "@nodelib/fs.stat": "2.0.5", "run-parallel": "^1.1.9" } }, ""],

    "@nodelib/fs.stat": ["@nodelib/fs.stat@2.0.5", "", {}, ""],

    "@nodelib/fs.walk": ["@nodelib/fs.walk@1.2.8", "", { "dependencies": { "@nodelib/fs.scandir": "2.1.5", "fastq": "^1.6.0" } }, ""],

    "@nuxtjs/opencollective": ["@nuxtjs/opencollective@0.3.2", "", { "dependencies": { "chalk": "^4.1.0", "consola": "^2.15.0", "node-fetch": "^2.6.1" }, "bin": { "opencollective": "bin/opencollective.js" } }, ""],

    "@openapitools/openapi-generator-cli": ["@openapitools/openapi-generator-cli@2.13.4", "", { "dependencies": { "@nestjs/axios": "3.0.2", "@nestjs/common": "10.3.0", "@nestjs/core": "10.3.0", "@nuxtjs/opencollective": "0.3.2", "axios": "1.6.8", "chalk": "4.1.2", "commander": "8.3.0", "compare-versions": "4.1.4", "concurrently": "6.5.1", "console.table": "0.10.0", "fs-extra": "10.1.0", "glob": "7.2.3", "https-proxy-agent": "7.0.4", "inquirer": "8.2.6", "lodash": "4.17.21", "reflect-metadata": "0.1.13", "rxjs": "7.8.1", "tslib": "2.6.2" }, "bin": { "openapi-generator-cli": "main.js" } }, ""],

    "@rollup/rollup-darwin-arm64": ["@rollup/rollup-darwin-arm64@4.14.2", "", { "os": "darwin", "cpu": "arm64" }, ""],

    "@sinclair/typebox": ["@sinclair/typebox@0.27.8", "", {}, ""],

    "@types/estree": ["@types/estree@1.0.6", "", {}, ""],

    "@types/json-schema": ["@types/json-schema@7.0.15", "", {}, ""],

    "@types/node": ["@types/node@20.13.0", "", { "dependencies": { "undici-types": "~5.26.4" } }, ""],

    "@typescript-eslint/eslint-plugin": ["@typescript-eslint/eslint-plugin@8.18.1", "", { "dependencies": { "@eslint-community/regexpp": "^4.10.0", "@typescript-eslint/scope-manager": "8.18.1", "@typescript-eslint/type-utils": "8.18.1", "@typescript-eslint/utils": "8.18.1", "@typescript-eslint/visitor-keys": "8.18.1", "graphemer": "^1.4.0", "ignore": "^5.3.1", "natural-compare": "^1.4.0", "ts-api-utils": "^1.3.0" }, "peerDependencies": { "@typescript-eslint/parser": "^8.0.0 || ^8.0.0-alpha.0", "eslint": "^8.57.0 || ^9.0.0", "typescript": ">=4.8.4 <5.8.0" } }, ""],

    "@typescript-eslint/parser": ["@typescript-eslint/parser@8.18.1", "", { "dependencies": { "@typescript-eslint/scope-manager": "8.18.1", "@typescript-eslint/types": "8.18.1", "@typescript-eslint/typescript-estree": "8.18.1", "@typescript-eslint/visitor-keys": "8.18.1", "debug": "^4.3.4" }, "peerDependencies": { "eslint": "^8.57.0 || ^9.0.0", "typescript": ">=4.8.4 <5.8.0" } }, ""],

    "@typescript-eslint/scope-manager": ["@typescript-eslint/scope-manager@8.18.1", "", { "dependencies": { "@typescript-eslint/types": "8.18.1", "@typescript-eslint/visitor-keys": "8.18.1" } }, ""],

    "@typescript-eslint/type-utils": ["@typescript-eslint/type-utils@8.18.1", "", { "dependencies": { "@typescript-eslint/typescript-estree": "8.18.1", "@typescript-eslint/utils": "8.18.1", "debug": "^4.3.4", "ts-api-utils": "^1.3.0" }, "peerDependencies": { "eslint": "^8.57.0 || ^9.0.0", "typescript": ">=4.8.4 <5.8.0" } }, ""],

    "@typescript-eslint/types": ["@typescript-eslint/types@8.18.1", "", {}, ""],

    "@typescript-eslint/typescript-estree": ["@typescript-eslint/typescript-estree@8.18.1", "", { "dependencies": { "@typescript-eslint/types": "8.18.1", "@typescript-eslint/visitor-keys": "8.18.1", "debug": "^4.3.4", "fast-glob": "^3.3.2", "is-glob": "^4.0.3", "minimatch": "^9.0.4", "semver": "^7.6.0", "ts-api-utils": "^1.3.0" }, "peerDependencies": { "typescript": ">=4.8.4 <5.8.0" } }, ""],

    "@typescript-eslint/utils": ["@typescript-eslint/utils@8.18.1", "", { "dependencies": { "@eslint-community/eslint-utils": "^4.4.0", "@typescript-eslint/scope-manager": "8.18.1", "@typescript-eslint/types": "8.18.1", "@typescript-eslint/typescript-estree": "8.18.1" }, "peerDependencies": { "eslint": "^8.57.0 || ^9.0.0", "typescript": ">=4.8.4 <5.8.0" } }, ""],

    "@typescript-eslint/visitor-keys": ["@typescript-eslint/visitor-keys@8.18.1", "", { "dependencies": { "@typescript-eslint/types": "8.18.1", "eslint-visitor-keys": "^4.2.0" } }, ""],

    "@vitest/expect": ["@vitest/expect@1.5.0", "", { "dependencies": { "@vitest/spy": "1.5.0", "@vitest/utils": "1.5.0", "chai": "^4.3.10" } }, ""],

    "@vitest/runner": ["@vitest/runner@1.5.0", "", { "dependencies": { "@vitest/utils": "1.5.0", "p-limit": "^5.0.0", "pathe": "^1.1.1" } }, ""],

    "@vitest/snapshot": ["@vitest/snapshot@1.5.0", "", { "dependencies": { "magic-string": "^0.30.5", "pathe": "^1.1.1", "pretty-format": "^29.7.0" } }, ""],

    "@vitest/spy": ["@vitest/spy@1.5.0", "", { "dependencies": { "tinyspy": "^2.2.0" } }, ""],

    "@vitest/utils": ["@vitest/utils@1.5.0", "", { "dependencies": { "diff-sequences": "^29.6.3", "estree-walker": "^3.0.3", "loupe": "^2.3.7", "pretty-format": "^29.7.0" } }, ""],

    "@vue/compiler-core": ["@vue/compiler-core@3.5.13", "", { "dependencies": { "@babel/parser": "^7.25.3", "@vue/shared": "3.5.13", "entities": "^4.5.0", "estree-walker": "^2.0.2", "source-map-js": "^1.2.0" } }, ""],

    "@vue/compiler-dom": ["@vue/compiler-dom@3.5.13", "", { "dependencies": { "@vue/compiler-core": "3.5.13", "@vue/shared": "3.5.13" } }, ""],

    "@vue/compiler-sfc": ["@vue/compiler-sfc@3.5.13", "", { "dependencies": { "@babel/parser": "^7.25.3", "@vue/compiler-core": "3.5.13", "@vue/compiler-dom": "3.5.13", "@vue/compiler-ssr": "3.5.13", "@vue/shared": "3.5.13", "estree-walker": "^2.0.2", "magic-string": "^0.30.11", "postcss": "^8.4.48", "source-map-js": "^1.2.0" } }, ""],

    "@vue/compiler-ssr": ["@vue/compiler-ssr@3.5.13", "", { "dependencies": { "@vue/compiler-dom": "3.5.13", "@vue/shared": "3.5.13" } }, ""],

    "@vue/devtools-api": ["@vue/devtools-api@6.6.4", "", {}, ""],

    "@vue/reactivity": ["@vue/reactivity@3.5.13", "", { "dependencies": { "@vue/shared": "3.5.13" } }, ""],

    "@vue/runtime-core": ["@vue/runtime-core@3.5.13", "", { "dependencies": { "@vue/reactivity": "3.5.13", "@vue/shared": "3.5.13" } }, ""],

    "@vue/runtime-dom": ["@vue/runtime-dom@3.5.13", "", { "dependencies": { "@vue/reactivity": "3.5.13", "@vue/runtime-core": "3.5.13", "@vue/shared": "3.5.13", "csstype": "^3.1.3" } }, ""],

    "@vue/server-renderer": ["@vue/server-renderer@3.5.13", "", { "dependencies": { "@vue/compiler-ssr": "3.5.13", "@vue/shared": "3.5.13" }, "peerDependencies": { "vue": "3.5.13" } }, ""],

    "@vue/shared": ["@vue/shared@3.5.13", "", {}, ""],

    "acorn": ["acorn@8.14.0", "", { "bin": "bin/acorn" }, ""],

    "acorn-jsx": ["acorn-jsx@5.3.2", "", { "peerDependencies": { "acorn": "^6.0.0 || ^7.0.0 || ^8.0.0" } }, ""],

    "acorn-walk": ["acorn-walk@8.3.2", "", {}, ""],

    "agent-base": ["agent-base@7.1.1", "", { "dependencies": { "debug": "^4.3.4" } }, ""],

    "ajv": ["ajv@6.12.6", "", { "dependencies": { "fast-deep-equal": "^3.1.1", "fast-json-stable-stringify": "^2.0.0", "json-schema-traverse": "^0.4.1", "uri-js": "^4.2.2" } }, ""],

    "ansi-escapes": ["ansi-escapes@4.3.2", "", { "dependencies": { "type-fest": "^0.21.3" } }, ""],

    "ansi-regex": ["ansi-regex@5.0.1", "", {}, ""],

    "ansi-styles": ["ansi-styles@4.3.0", "", { "dependencies": { "color-convert": "^2.0.1" } }, ""],

    "argparse": ["argparse@2.0.1", "", {}, ""],

    "asn1.js": ["asn1.js@5.4.1", "", { "dependencies": { "bn.js": "^4.0.0", "inherits": "^2.0.1", "minimalistic-assert": "^1.0.0", "safer-buffer": "^2.1.0" } }, ""],

    "assertion-error": ["assertion-error@1.1.0", "", {}, ""],

    "asynckit": ["asynckit@0.4.0", "", {}, ""],

    "axios": ["axios@1.7.3", "", { "dependencies": { "follow-redirects": "^1.15.6", "form-data": "^4.0.0", "proxy-from-env": "^1.1.0" } }, ""],

    "balanced-match": ["balanced-match@1.0.2", "", {}, ""],

    "base64-js": ["base64-js@1.5.1", "", {}, ""],

    "bl": ["bl@4.1.0", "", { "dependencies": { "buffer": "^5.5.0", "inherits": "^2.0.4", "readable-stream": "^3.4.0" } }, ""],

    "bn.js": ["bn.js@4.12.0", "", {}, ""],

    "brace-expansion": ["brace-expansion@1.1.11", "", { "dependencies": { "balanced-match": "^1.0.0", "concat-map": "0.0.1" } }, ""],

    "braces": ["braces@3.0.3", "", { "dependencies": { "fill-range": "^7.1.1" } }, ""],

    "buffer": ["buffer@5.7.1", "", { "dependencies": { "base64-js": "^1.3.1", "ieee754": "^1.1.13" } }, ""],

    "cac": ["cac@6.7.14", "", {}, ""],

    "callsites": ["callsites@3.1.0", "", {}, ""],

    "chai": ["chai@4.4.1", "", { "dependencies": { "assertion-error": "^1.1.0", "check-error": "^1.0.3", "deep-eql": "^4.1.3", "get-func-name": "^2.0.2", "loupe": "^2.3.6", "pathval": "^1.1.1", "type-detect": "^4.0.8" } }, ""],

    "chalk": ["chalk@4.1.2", "", { "dependencies": { "ansi-styles": "^4.1.0", "supports-color": "^7.1.0" } }, ""],

    "chardet": ["chardet@0.7.0", "", {}, ""],

    "check-error": ["check-error@1.0.3", "", { "dependencies": { "get-func-name": "^2.0.2" } }, ""],

    "cli-cursor": ["cli-cursor@3.1.0", "", { "dependencies": { "restore-cursor": "^3.1.0" } }, ""],

    "cli-spinners": ["cli-spinners@2.9.2", "", {}, ""],

    "cli-width": ["cli-width@3.0.0", "", {}, ""],

    "cliui": ["cliui@7.0.4", "", { "dependencies": { "string-width": "^4.2.0", "strip-ansi": "^6.0.0", "wrap-ansi": "^7.0.0" } }, ""],

    "clone": ["clone@1.0.4", "", {}, ""],

    "color-convert": ["color-convert@2.0.1", "", { "dependencies": { "color-name": "~1.1.4" } }, ""],

    "color-name": ["color-name@1.1.4", "", {}, ""],

    "combined-stream": ["combined-stream@1.0.8", "", { "dependencies": { "delayed-stream": "~1.0.0" } }, ""],

    "commander": ["commander@8.3.0", "", {}, ""],

    "compare-versions": ["compare-versions@4.1.4", "", {}, ""],

    "concat-map": ["concat-map@0.0.1", "", {}, ""],

    "concurrently": ["concurrently@6.5.1", "", { "dependencies": { "chalk": "^4.1.0", "date-fns": "^2.16.1", "lodash": "^4.17.21", "rxjs": "^6.6.3", "spawn-command": "^0.0.2-1", "supports-color": "^8.1.0", "tree-kill": "^1.2.2", "yargs": "^16.2.0" }, "bin": "bin/concurrently.js" }, ""],

    "consola": ["consola@2.15.3", "", {}, ""],

    "console.table": ["console.table@0.10.0", "", { "dependencies": { "easy-table": "1.1.0" } }, ""],

    "cross-spawn": ["cross-spawn@7.0.6", "", { "dependencies": { "path-key": "^3.1.0", "shebang-command": "^2.0.0", "which": "^2.0.1" } }, ""],

    "csstype": ["csstype@3.1.3", "", {}, ""],

    "date-fns": ["date-fns@2.30.0", "", { "dependencies": { "@babel/runtime": "^7.21.0" } }, ""],

    "debug": ["debug@4.3.4", "", { "dependencies": { "ms": "2.1.2" } }, ""],

    "deep-eql": ["deep-eql@4.1.3", "", { "dependencies": { "type-detect": "^4.0.0" } }, ""],

    "deep-is": ["deep-is@0.1.4", "", {}, ""],

    "defaults": ["defaults@1.0.4", "", { "dependencies": { "clone": "^1.0.2" } }, ""],

    "delayed-stream": ["delayed-stream@1.0.0", "", {}, ""],

    "diff-sequences": ["diff-sequences@29.6.3", "", {}, ""],

    "easy-table": ["easy-table@1.1.0", "", { "optionalDependencies": { "wcwidth": ">=1.0.1" } }, ""],

    "emoji-regex": ["emoji-regex@8.0.0", "", {}, ""],

    "entities": ["entities@4.5.0", "", {}, ""],

    "esbuild": ["esbuild@0.20.2", "", { "optionalDependencies": { "@esbuild/darwin-arm64": "0.20.2" }, "bin": "bin/esbuild" }, ""],

    "escalade": ["escalade@3.1.1", "", {}, ""],

    "escape-string-regexp": ["escape-string-regexp@4.0.0", "", {}, ""],

    "eslint": ["eslint@9.17.0", "", { "dependencies": { "@eslint-community/eslint-utils": "^4.2.0", "@eslint-community/regexpp": "^4.12.1", "@eslint/config-array": "^0.19.0", "@eslint/core": "^0.9.0", "@eslint/eslintrc": "^3.2.0", "@eslint/js": "9.17.0", "@eslint/plugin-kit": "^0.2.3", "@humanfs/node": "^0.16.6", "@humanwhocodes/module-importer": "^1.0.1", "@humanwhocodes/retry": "^0.4.1", "@types/estree": "^1.0.6", "@types/json-schema": "^7.0.15", "ajv": "^6.12.4", "chalk": "^4.0.0", "cross-spawn": "^7.0.6", "debug": "^4.3.2", "escape-string-regexp": "^4.0.0", "eslint-scope": "^8.2.0", "eslint-visitor-keys": "^4.2.0", "espree": "^10.3.0", "esquery": "^1.5.0", "esutils": "^2.0.2", "fast-deep-equal": "^3.1.3", "file-entry-cache": "^8.0.0", "find-up": "^5.0.0", "glob-parent": "^6.0.2", "ignore": "^5.2.0", "imurmurhash": "^0.1.4", "is-glob": "^4.0.0", "json-stable-stringify-without-jsonify": "^1.0.1", "lodash.merge": "^4.6.2", "minimatch": "^3.1.2", "natural-compare": "^1.4.0", "optionator": "^0.9.3" }, "peerDependencies": { "jiti": "*" }, "optionalPeers": ["jiti"], "bin": "bin/eslint.js" }, ""],

    "eslint-scope": ["eslint-scope@8.2.0", "", { "dependencies": { "esrecurse": "^4.3.0", "estraverse": "^5.2.0" } }, ""],

    "eslint-visitor-keys": ["eslint-visitor-keys@4.2.0", "", {}, ""],

    "espree": ["espree@10.3.0", "", { "dependencies": { "acorn": "^8.14.0", "acorn-jsx": "^5.3.2", "eslint-visitor-keys": "^4.2.0" } }, ""],

    "esquery": ["esquery@1.6.0", "", { "dependencies": { "estraverse": "^5.1.0" } }, ""],

    "esrecurse": ["esrecurse@4.3.0", "", { "dependencies": { "estraverse": "^5.2.0" } }, ""],

    "estraverse": ["estraverse@5.3.0", "", {}, ""],

    "estree-walker": ["estree-walker@3.0.3", "", { "dependencies": { "@types/estree": "^1.0.0" } }, ""],

    "esutils": ["esutils@2.0.3", "", {}, ""],

    "execa": ["execa@8.0.1", "", { "dependencies": { "cross-spawn": "^7.0.3", "get-stream": "^8.0.1", "human-signals": "^5.0.0", "is-stream": "^3.0.0", "merge-stream": "^2.0.0", "npm-run-path": "^5.1.0", "onetime": "^6.0.0", "signal-exit": "^4.1.0", "strip-final-newline": "^3.0.0" } }, ""],

    "external-editor": ["external-editor@3.1.0", "", { "dependencies": { "chardet": "^0.7.0", "iconv-lite": "^0.4.24", "tmp": "^0.0.33" } }, ""],

    "fast-deep-equal": ["fast-deep-equal@3.1.3", "", {}, ""],

    "fast-glob": ["fast-glob@3.3.2", "", { "dependencies": { "@nodelib/fs.stat": "^2.0.2", "@nodelib/fs.walk": "^1.2.3", "glob-parent": "^5.1.2", "merge2": "^1.3.0", "micromatch": "^4.0.4" } }, ""],

    "fast-json-stable-stringify": ["fast-json-stable-stringify@2.1.0", "", {}, ""],

    "fast-levenshtein": ["fast-levenshtein@2.0.6", "", {}, ""],

    "fast-safe-stringify": ["fast-safe-stringify@2.1.1", "", {}, ""],

    "fastq": ["fastq@1.17.1", "", { "dependencies": { "reusify": "^1.0.4" } }, ""],

    "figures": ["figures@3.2.0", "", { "dependencies": { "escape-string-regexp": "^1.0.5" } }, ""],

    "file-entry-cache": ["file-entry-cache@8.0.0", "", { "dependencies": { "flat-cache": "^4.0.0" } }, ""],

    "fill-range": ["fill-range@7.1.1", "", { "dependencies": { "to-regex-range": "^5.0.1" } }, ""],

    "find-up": ["find-up@5.0.0", "", { "dependencies": { "locate-path": "^6.0.0", "path-exists": "^4.0.0" } }, ""],

    "fix-esm-import-path": ["fix-esm-import-path@1.10.0", "", { "dependencies": { "debug": "^4.3.2" }, "bin": "fix-esm-import-path.js" }, ""],

    "flat-cache": ["flat-cache@4.0.1", "", { "dependencies": { "flatted": "^3.2.9", "keyv": "^4.5.4" } }, ""],

    "flatted": ["flatted@3.3.2", "", {}, ""],

    "follow-redirects": ["follow-redirects@1.15.6", "", {}, ""],

    "form-data": ["form-data@4.0.0", "", { "dependencies": { "asynckit": "^0.4.0", "combined-stream": "^1.0.8", "mime-types": "^2.1.12" } }, ""],

    "fs-extra": ["fs-extra@10.1.0", "", { "dependencies": { "graceful-fs": "^4.2.0", "jsonfile": "^6.0.1", "universalify": "^2.0.0" } }, ""],

    "fs.realpath": ["fs.realpath@1.0.0", "", {}, ""],

    "fsevents": ["fsevents@2.3.3", "", { "os": "darwin" }, ""],

    "function-bind": ["function-bind@1.1.2", "", {}, ""],

    "get-caller-file": ["get-caller-file@2.0.5", "", {}, ""],

    "get-func-name": ["get-func-name@2.0.2", "", {}, ""],

    "get-stream": ["get-stream@8.0.1", "", {}, ""],

    "glob": ["glob@7.2.3", "", { "dependencies": { "fs.realpath": "^1.0.0", "inflight": "^1.0.4", "inherits": "2", "minimatch": "^3.1.1", "once": "^1.3.0", "path-is-absolute": "^1.0.0" } }, ""],

    "glob-parent": ["glob-parent@6.0.2", "", { "dependencies": { "is-glob": "^4.0.3" } }, ""],

    "global-prefix": ["global-prefix@3.0.0", "", { "dependencies": { "ini": "^1.3.5", "kind-of": "^6.0.2", "which": "^1.3.1" } }, ""],

    "globals": ["globals@15.14.0", "", {}, ""],

    "graceful-fs": ["graceful-fs@4.2.11", "", {}, ""],

    "graphemer": ["graphemer@1.4.0", "", {}, ""],

    "has-flag": ["has-flag@4.0.0", "", {}, ""],

    "hasown": ["hasown@2.0.2", "", { "dependencies": { "function-bind": "^1.1.2" } }, ""],

    "https-proxy-agent": ["https-proxy-agent@7.0.4", "", { "dependencies": { "agent-base": "^7.0.2", "debug": "4" } }, ""],

    "human-signals": ["human-signals@5.0.0", "", {}, ""],

    "iconv-lite": ["iconv-lite@0.4.24", "", { "dependencies": { "safer-buffer": ">= 2.1.2 < 3" } }, ""],

    "ieee754": ["ieee754@1.2.1", "", {}, ""],

    "ignore": ["ignore@5.3.2", "", {}, ""],

    "import-fresh": ["import-fresh@3.3.0", "", { "dependencies": { "parent-module": "^1.0.0", "resolve-from": "^4.0.0" } }, ""],

    "imurmurhash": ["imurmurhash@0.1.4", "", {}, ""],

    "inflight": ["inflight@1.0.6", "", { "dependencies": { "once": "^1.3.0", "wrappy": "1" } }, ""],

    "inherits": ["inherits@2.0.4", "", {}, ""],

    "ini": ["ini@1.3.8", "", {}, ""],

    "inquirer": ["inquirer@8.2.6", "", { "dependencies": { "ansi-escapes": "^4.2.1", "chalk": "^4.1.1", "cli-cursor": "^3.1.0", "cli-width": "^3.0.0", "external-editor": "^3.0.3", "figures": "^3.0.0", "lodash": "^4.17.21", "mute-stream": "0.0.8", "ora": "^5.4.1", "run-async": "^2.4.0", "rxjs": "^7.5.5", "string-width": "^4.1.0", "strip-ansi": "^6.0.0", "through": "^2.3.6", "wrap-ansi": "^6.0.1" } }, ""],

    "is-core-module": ["is-core-module@2.15.1", "", { "dependencies": { "hasown": "^2.0.2" } }, ""],

    "is-extglob": ["is-extglob@2.1.1", "", {}, ""],

    "is-fullwidth-code-point": ["is-fullwidth-code-point@3.0.0", "", {}, ""],

    "is-glob": ["is-glob@4.0.3", "", { "dependencies": { "is-extglob": "^2.1.1" } }, ""],

    "is-interactive": ["is-interactive@1.0.0", "", {}, ""],

    "is-number": ["is-number@7.0.0", "", {}, ""],

    "is-stream": ["is-stream@3.0.0", "", {}, ""],

    "is-unicode-supported": ["is-unicode-supported@0.1.0", "", {}, ""],

    "isexe": ["isexe@2.0.0", "", {}, ""],

    "iterare": ["iterare@1.2.1", "", {}, ""],

    "js-tokens": ["js-tokens@9.0.0", "", {}, ""],

    "js-yaml": ["js-yaml@4.1.0", "", { "dependencies": { "argparse": "^2.0.1" }, "bin": "bin/js-yaml.js" }, ""],

    "json-buffer": ["json-buffer@3.0.1", "", {}, ""],

    "json-schema-traverse": ["json-schema-traverse@0.4.1", "", {}, ""],

    "json-stable-stringify-without-jsonify": ["json-stable-stringify-without-jsonify@1.0.1", "", {}, ""],

    "jsonc-parser": ["jsonc-parser@3.2.1", "", {}, ""],

    "jsonfile": ["jsonfile@6.1.0", "", { "dependencies": { "universalify": "^2.0.0" }, "optionalDependencies": { "graceful-fs": "^4.1.6" } }, ""],

    "keyv": ["keyv@4.5.4", "", { "dependencies": { "json-buffer": "3.0.1" } }, ""],

    "kind-of": ["kind-of@6.0.3", "", {}, ""],

    "levn": ["levn@0.4.1", "", { "dependencies": { "prelude-ls": "^1.2.1", "type-check": "~0.4.0" } }, ""],

    "local-pkg": ["local-pkg@0.5.0", "", { "dependencies": { "mlly": "^1.4.2", "pkg-types": "^1.0.3" } }, ""],

    "locate-path": ["locate-path@6.0.0", "", { "dependencies": { "p-locate": "^5.0.0" } }, ""],

    "lodash": ["lodash@4.17.21", "", {}, ""],

    "lodash.merge": ["lodash.merge@4.6.2", "", {}, ""],

    "log-symbols": ["log-symbols@4.1.0", "", { "dependencies": { "chalk": "^4.1.0", "is-unicode-supported": "^0.1.0" } }, ""],

    "loupe": ["loupe@2.3.7", "", { "dependencies": { "get-func-name": "^2.0.1" } }, ""],

    "magic-string": ["magic-string@0.30.6", "", { "dependencies": { "@jridgewell/sourcemap-codec": "^1.4.15" } }, ""],

    "merge-stream": ["merge-stream@2.0.0", "", {}, ""],

    "merge2": ["merge2@1.4.1", "", {}, ""],

    "micromatch": ["micromatch@4.0.8", "", { "dependencies": { "braces": "^3.0.3", "picomatch": "^2.3.1" } }, ""],

    "mime-db": ["mime-db@1.52.0", "", {}, ""],

    "mime-types": ["mime-types@2.1.35", "", { "dependencies": { "mime-db": "1.52.0" } }, ""],

    "mimic-fn": ["mimic-fn@4.0.0", "", {}, ""],

    "minimalistic-assert": ["minimalistic-assert@1.0.1", "", {}, ""],

    "minimatch": ["minimatch@3.1.2", "", { "dependencies": { "brace-expansion": "^1.1.7" } }, ""],

    "minimist": ["minimist@1.2.8", "", {}, ""],

    "mlly": ["mlly@1.6.1", "", { "dependencies": { "acorn": "^8.11.3", "pathe": "^1.1.2", "pkg-types": "^1.0.3", "ufo": "^1.3.2" } }, ""],

    "ms": ["ms@2.1.2", "", {}, ""],

    "mute-stream": ["mute-stream@0.0.8", "", {}, ""],

    "nanoid": ["nanoid@3.3.7", "", { "bin": "bin/nanoid.cjs" }, ""],

    "natural-compare": ["natural-compare@1.4.0", "", {}, ""],

    "node-fetch": ["node-fetch@2.7.0", "", { "dependencies": { "whatwg-url": "^5.0.0" }, "peerDependencies": { "encoding": "^0.1.0" }, "optionalPeers": ["encoding"] }, ""],

    "npm-run-path": ["npm-run-path@5.3.0", "", { "dependencies": { "path-key": "^4.0.0" } }, ""],

    "once": ["once@1.4.0", "", { "dependencies": { "wrappy": "1" } }, ""],

    "onetime": ["onetime@6.0.0", "", { "dependencies": { "mimic-fn": "^4.0.0" } }, ""],

    "openpgp": ["openpgp@5.11.1", "", { "dependencies": { "asn1.js": "^5.0.0" } }, ""],

    "optionator": ["optionator@0.9.4", "", { "dependencies": { "deep-is": "^0.1.3", "fast-levenshtein": "^2.0.6", "levn": "^0.4.1", "prelude-ls": "^1.2.1", "type-check": "^0.4.0", "word-wrap": "^1.2.5" } }, ""],

    "ora": ["ora@5.4.1", "", { "dependencies": { "bl": "^4.1.0", "chalk": "^4.1.0", "cli-cursor": "^3.1.0", "cli-spinners": "^2.5.0", "is-interactive": "^1.0.0", "is-unicode-supported": "^0.1.0", "log-symbols": "^4.1.0", "strip-ansi": "^6.0.0", "wcwidth": "^1.0.1" } }, ""],

    "org-mode-ast": ["org-mode-ast@0.11.8", "", {}, ""],

    "os-tmpdir": ["os-tmpdir@1.0.2", "", {}, ""],

    "p-limit": ["p-limit@5.0.0", "", { "dependencies": { "yocto-queue": "^1.0.0" } }, ""],

    "p-locate": ["p-locate@5.0.0", "", { "dependencies": { "p-limit": "^3.0.2" } }, ""],

    "parent-module": ["parent-module@1.0.1", "", { "dependencies": { "callsites": "^3.0.0" } }, ""],

    "path-exists": ["path-exists@4.0.0", "", {}, ""],

    "path-is-absolute": ["path-is-absolute@1.0.1", "", {}, ""],

    "path-key": ["path-key@3.1.1", "", {}, ""],

    "path-parse": ["path-parse@1.0.7", "", {}, ""],

    "path-to-regexp": ["path-to-regexp@3.2.0", "", {}, ""],

    "pathe": ["pathe@1.1.2", "", {}, ""],

    "pathval": ["pathval@1.1.1", "", {}, ""],

    "picocolors": ["picocolors@1.0.0", "", {}, ""],

    "picomatch": ["picomatch@2.3.1", "", {}, ""],

    "pinia": ["pinia@2.3.0", "", { "dependencies": { "@vue/devtools-api": "^6.6.3", "vue-demi": "^0.14.10" }, "peerDependencies": { "typescript": ">=4.4.4", "vue": "^2.7.0 || ^3.5.11" } }, ""],

    "pkg-types": ["pkg-types@1.0.3", "", { "dependencies": { "jsonc-parser": "^3.2.0", "mlly": "^1.2.0", "pathe": "^1.1.0" } }, ""],

    "postcss": ["postcss@8.4.38", "", { "dependencies": { "nanoid": "^3.3.7", "picocolors": "^1.0.0", "source-map-js": "^1.2.0" } }, ""],

    "prelude-ls": ["prelude-ls@1.2.1", "", {}, ""],

    "pretty-format": ["pretty-format@29.7.0", "", { "dependencies": { "@jest/schemas": "^29.6.3", "ansi-styles": "^5.0.0", "react-is": "^18.0.0" } }, ""],

    "proxy-from-env": ["proxy-from-env@1.1.0", "", {}, ""],

    "punycode": ["punycode@2.3.1", "", {}, ""],

    "quasar": ["quasar@2.16.6", "", {}, "sha512-nFFS/WniZy052wUNr0UHxc46KVB0hVg7IlBpVScxQAANQxL5uJVqaiw0z2CEM8IM+MCObXANqxHX/m7woG7zIw=="],

    "queue-microtask": ["queue-microtask@1.2.3", "", {}, ""],

    "react-is": ["react-is@18.2.0", "", {}, ""],

    "readable-stream": ["readable-stream@3.6.2", "", { "dependencies": { "inherits": "^2.0.3", "string_decoder": "^1.1.1", "util-deprecate": "^1.0.1" } }, ""],

    "reflect-metadata": ["reflect-metadata@0.1.13", "", {}, ""],

    "regenerator-runtime": ["regenerator-runtime@0.14.1", "", {}, ""],

    "require-directory": ["require-directory@2.1.1", "", {}, ""],

    "resolve": ["resolve@1.22.8", "", { "dependencies": { "is-core-module": "^2.13.0", "path-parse": "^1.0.7", "supports-preserve-symlinks-flag": "^1.0.0" }, "bin": "bin/resolve" }, ""],

    "resolve-from": ["resolve-from@4.0.0", "", {}, ""],

    "restore-cursor": ["restore-cursor@3.1.0", "", { "dependencies": { "onetime": "^5.1.0", "signal-exit": "^3.0.2" } }, ""],

    "reusify": ["reusify@1.0.4", "", {}, ""],

    "rollup": ["rollup@4.14.2", "", { "dependencies": { "@types/estree": "1.0.5" }, "optionalDependencies": { "@rollup/rollup-darwin-arm64": "4.14.2", "fsevents": "~2.3.2" }, "bin": "dist/bin/rollup" }, ""],

    "run-async": ["run-async@2.4.1", "", {}, ""],

    "run-parallel": ["run-parallel@1.2.0", "", { "dependencies": { "queue-microtask": "^1.2.2" } }, ""],

    "rxjs": ["rxjs@7.8.1", "", { "dependencies": { "tslib": "^2.1.0" } }, ""],

    "safe-buffer": ["safe-buffer@5.2.1", "", {}, ""],

    "safer-buffer": ["safer-buffer@2.1.2", "", {}, ""],

    "semver": ["semver@7.6.3", "", { "bin": "bin/semver.js" }, ""],

    "shebang-command": ["shebang-command@2.0.0", "", { "dependencies": { "shebang-regex": "^3.0.0" } }, ""],

    "shebang-regex": ["shebang-regex@3.0.0", "", {}, ""],

    "siginfo": ["siginfo@2.0.0", "", {}, ""],

    "signal-exit": ["signal-exit@4.1.0", "", {}, ""],

    "source-map-js": ["source-map-js@1.2.0", "", {}, ""],

    "spawn-command": ["spawn-command@0.0.2-1", "", {}, ""],

    "stackback": ["stackback@0.0.2", "", {}, ""],

    "std-env": ["std-env@3.7.0", "", {}, ""],

    "string-width": ["string-width@4.2.3", "", { "dependencies": { "emoji-regex": "^8.0.0", "is-fullwidth-code-point": "^3.0.0", "strip-ansi": "^6.0.1" } }, ""],

    "string_decoder": ["string_decoder@1.3.0", "", { "dependencies": { "safe-buffer": "~5.2.0" } }, ""],

    "strip-ansi": ["strip-ansi@6.0.1", "", { "dependencies": { "ansi-regex": "^5.0.1" } }, ""],

    "strip-final-newline": ["strip-final-newline@3.0.0", "", {}, ""],

    "strip-json-comments": ["strip-json-comments@3.1.1", "", {}, ""],

    "strip-literal": ["strip-literal@2.1.0", "", { "dependencies": { "js-tokens": "^9.0.0" } }, ""],

    "style-mod": ["style-mod@4.1.2", "", {}, ""],

    "supports-color": ["supports-color@7.2.0", "", { "dependencies": { "has-flag": "^4.0.0" } }, ""],

    "supports-preserve-symlinks-flag": ["supports-preserve-symlinks-flag@1.0.0", "", {}, ""],

    "through": ["through@2.3.8", "", {}, ""],

    "tinybench": ["tinybench@2.6.0", "", {}, ""],

    "tinypool": ["tinypool@0.8.3", "", {}, ""],

    "tinyspy": ["tinyspy@2.2.1", "", {}, ""],

    "tmp": ["tmp@0.0.33", "", { "dependencies": { "os-tmpdir": "~1.0.2" } }, ""],

    "to-regex-range": ["to-regex-range@5.0.1", "", { "dependencies": { "is-number": "^7.0.0" } }, ""],

    "tr46": ["tr46@0.0.3", "", {}, ""],

    "tree-kill": ["tree-kill@1.2.2", "", { "bin": "cli.js" }, ""],

    "ts-api-utils": ["ts-api-utils@1.4.3", "", { "peerDependencies": { "typescript": ">=4.2.0" } }, ""],

    "ts-patch": ["ts-patch@3.2.1", "", { "dependencies": { "chalk": "^4.1.2", "global-prefix": "^3.0.0", "minimist": "^1.2.8", "resolve": "^1.22.2", "semver": "^7.5.4", "strip-ansi": "^6.0.1" }, "bin": { "ts-patch": "bin/ts-patch.js", "tspc": "bin/tspc.js" } }, ""],

    "tslib": ["tslib@2.6.2", "", {}, ""],

    "type-check": ["type-check@0.4.0", "", { "dependencies": { "prelude-ls": "^1.2.1" } }, ""],

    "type-detect": ["type-detect@4.0.8", "", {}, ""],

    "type-fest": ["type-fest@0.21.3", "", {}, ""],

    "typescript": ["typescript@5.3.3", "", { "bin": { "tsc": "bin/tsc", "tsserver": "bin/tsserver" } }, ""],

    "typescript-eslint": ["typescript-eslint@8.18.1", "", { "dependencies": { "@typescript-eslint/eslint-plugin": "8.18.1", "@typescript-eslint/parser": "8.18.1", "@typescript-eslint/utils": "8.18.1" }, "peerDependencies": { "eslint": "^8.57.0 || ^9.0.0", "typescript": ">=4.8.4 <5.8.0" } }, ""],

    "typescript-transform-paths": ["typescript-transform-paths@3.5.1", "", { "dependencies": { "minimatch": "^9.0.5" }, "peerDependencies": { "typescript": ">=3.6.5" } }, ""],

    "typescript-transformer-esm": ["typescript-transformer-esm@1.1.0", "", { "peerDependencies": { "typescript": "^4.9.0 || ^5.0.0" } }, ""],

    "ufo": ["ufo@1.5.3", "", {}, ""],

    "uid": ["uid@2.0.2", "", { "dependencies": { "@lukeed/csprng": "^1.0.0" } }, ""],

    "undici-types": ["undici-types@5.26.5", "", {}, ""],

    "universalify": ["universalify@2.0.1", "", {}, ""],

    "uri-js": ["uri-js@4.4.1", "", { "dependencies": { "punycode": "^2.1.0" } }, ""],

    "util-deprecate": ["util-deprecate@1.0.2", "", {}, ""],

    "valibot": ["valibot@1.0.0-beta.9", "", { "peerDependencies": { "typescript": ">=5" } }, ""],

    "vite": ["vite@5.2.8", "", { "dependencies": { "esbuild": "^0.20.1", "postcss": "^8.4.38", "rollup": "^4.13.0" }, "optionalDependencies": { "fsevents": "~2.3.3" }, "peerDependencies": { "@types/node": "^18.0.0 || >=20.0.0", "less": "*", "lightningcss": "^1.21.0", "sass": "*", "stylus": "*", "sugarss": "*", "terser": "^5.4.0" }, "optionalPeers": ["less", "lightningcss", "sass", "stylus", "sugarss", "terser"], "bin": "bin/vite.js" }, ""],

    "vite-node": ["vite-node@1.5.0", "", { "dependencies": { "cac": "^6.7.14", "debug": "^4.3.4", "pathe": "^1.1.1", "picocolors": "^1.0.0", "vite": "^5.0.0" }, "bin": "vite-node.mjs" }, ""],

    "vitest": ["vitest@1.5.0", "", { "dependencies": { "@vitest/expect": "1.5.0", "@vitest/runner": "1.5.0", "@vitest/snapshot": "1.5.0", "@vitest/spy": "1.5.0", "@vitest/utils": "1.5.0", "acorn-walk": "^8.3.2", "chai": "^4.3.10", "debug": "^4.3.4", "execa": "^8.0.1", "local-pkg": "^0.5.0", "magic-string": "^0.30.5", "pathe": "^1.1.1", "picocolors": "^1.0.0", "std-env": "^3.5.0", "strip-literal": "^2.0.0", "tinybench": "^2.5.1", "tinypool": "^0.8.3", "vite": "^5.0.0", "vite-node": "1.5.0", "why-is-node-running": "^2.2.2" }, "peerDependencies": { "@edge-runtime/vm": "*", "@types/node": "^18.0.0 || >=20.0.0", "@vitest/browser": "1.5.0", "@vitest/ui": "1.5.0", "happy-dom": "*", "jsdom": "*" }, "optionalPeers": ["@edge-runtime/vm", "@vitest/browser", "@vitest/ui", "happy-dom", "jsdom"], "bin": "vitest.mjs" }, ""],

    "vue": ["vue@3.5.13", "", { "dependencies": { "@vue/compiler-dom": "3.5.13", "@vue/compiler-sfc": "3.5.13", "@vue/runtime-dom": "3.5.13", "@vue/server-renderer": "3.5.13", "@vue/shared": "3.5.13" }, "peerDependencies": { "typescript": "*" } }, ""],

    "vue-demi": ["vue-demi@0.14.10", "", { "peerDependencies": { "@vue/composition-api": "^1.0.0-rc.1", "vue": "^3.0.0-0 || ^2.6.0" }, "optionalPeers": ["@vue/composition-api"], "bin": { "vue-demi-fix": "bin/vue-demi-fix.js", "vue-demi-switch": "bin/vue-demi-switch.js" } }, ""],

    "vue-router": ["vue-router@4.5.0", "", { "dependencies": { "@vue/devtools-api": "^6.6.4" }, "peerDependencies": { "vue": "^3.2.0" } }, ""],

    "w3c-keyname": ["w3c-keyname@2.2.8", "", {}, ""],

    "wcwidth": ["wcwidth@1.0.1", "", { "dependencies": { "defaults": "^1.0.3" } }, ""],

    "webidl-conversions": ["webidl-conversions@3.0.1", "", {}, ""],

    "whatwg-url": ["whatwg-url@5.0.0", "", { "dependencies": { "tr46": "~0.0.3", "webidl-conversions": "^3.0.0" } }, ""],

    "which": ["which@2.0.2", "", { "dependencies": { "isexe": "^2.0.0" }, "bin": { "node-which": "bin/node-which" } }, ""],

    "why-is-node-running": ["why-is-node-running@2.2.2", "", { "dependencies": { "siginfo": "^2.0.0", "stackback": "0.0.2" }, "bin": "cli.js" }, ""],

    "word-wrap": ["word-wrap@1.2.5", "", {}, ""],

    "wrap-ansi": ["wrap-ansi@6.2.0", "", { "dependencies": { "ansi-styles": "^4.0.0", "string-width": "^4.1.0", "strip-ansi": "^6.0.0" } }, ""],

    "wrappy": ["wrappy@1.0.2", "", {}, ""],

    "y18n": ["y18n@5.0.8", "", {}, ""],

    "yargs": ["yargs@16.2.0", "", { "dependencies": { "cliui": "^7.0.2", "escalade": "^3.1.1", "get-caller-file": "^2.0.5", "require-directory": "^2.1.1", "string-width": "^4.2.0", "y18n": "^5.0.5", "yargs-parser": "^20.2.2" } }, ""],

    "yargs-parser": ["yargs-parser@20.2.9", "", {}, ""],

    "yocto-queue": ["yocto-queue@1.0.0", "", {}, ""],

    "@eslint-community/eslint-utils/eslint-visitor-keys": ["eslint-visitor-keys@3.4.3", "", {}, ""],

    "@eslint/eslintrc/globals": ["globals@14.0.0", "", {}, ""],

    "@humanfs/node/@humanwhocodes/retry": ["@humanwhocodes/retry@0.3.1", "", {}, ""],

    "@openapitools/openapi-generator-cli/axios": ["axios@1.6.8", "", { "dependencies": { "follow-redirects": "^1.15.6", "form-data": "^4.0.0", "proxy-from-env": "^1.1.0" } }, ""],

    "@typescript-eslint/typescript-estree/minimatch": ["minimatch@9.0.5", "", { "dependencies": { "brace-expansion": "^2.0.1" } }, ""],

    "@vue/compiler-core/estree-walker": ["estree-walker@2.0.2", "", {}, ""],

    "@vue/compiler-sfc/estree-walker": ["estree-walker@2.0.2", "", {}, ""],

    "@vue/compiler-sfc/magic-string": ["magic-string@0.30.17", "", { "dependencies": { "@jridgewell/sourcemap-codec": "^1.5.0" } }, ""],

    "@vue/compiler-sfc/postcss": ["postcss@8.4.49", "", { "dependencies": { "nanoid": "^3.3.7", "picocolors": "^1.1.1", "source-map-js": "^1.2.1" } }, ""],

    "cliui/wrap-ansi": ["wrap-ansi@7.0.0", "", { "dependencies": { "ansi-styles": "^4.0.0", "string-width": "^4.1.0", "strip-ansi": "^6.0.0" } }, ""],

    "concurrently/rxjs": ["rxjs@6.6.7", "", { "dependencies": { "tslib": "^1.9.0" } }, ""],

    "concurrently/supports-color": ["supports-color@8.1.1", "", { "dependencies": { "has-flag": "^4.0.0" } }, ""],

    "estree-walker/@types/estree": ["@types/estree@1.0.5", "", {}, ""],

    "execa/cross-spawn": ["cross-spawn@7.0.3", "", { "dependencies": { "path-key": "^3.1.0", "shebang-command": "^2.0.0", "which": "^2.0.1" } }, ""],

    "fast-glob/glob-parent": ["glob-parent@5.1.2", "", { "dependencies": { "is-glob": "^4.0.1" } }, ""],

    "figures/escape-string-regexp": ["escape-string-regexp@1.0.5", "", {}, ""],

    "global-prefix/which": ["which@1.3.1", "", { "dependencies": { "isexe": "^2.0.0" }, "bin": "bin/which" }, ""],

    "mlly/acorn": ["acorn@8.11.3", "", { "bin": "bin/acorn" }, ""],

    "npm-run-path/path-key": ["path-key@4.0.0", "", {}, ""],

    "p-locate/p-limit": ["p-limit@3.1.0", "", { "dependencies": { "yocto-queue": "^0.1.0" } }, ""],

    "pretty-format/ansi-styles": ["ansi-styles@5.2.0", "", {}, ""],

    "restore-cursor/onetime": ["onetime@5.1.2", "", { "dependencies": { "mimic-fn": "^2.1.0" } }, ""],

    "restore-cursor/signal-exit": ["signal-exit@3.0.7", "", {}, ""],

    "rollup/@types/estree": ["@types/estree@1.0.5", "", {}, ""],

    "typescript-transform-paths/minimatch": ["minimatch@9.0.5", "", { "dependencies": { "brace-expansion": "^2.0.1" } }, ""],

    "@typescript-eslint/typescript-estree/minimatch/brace-expansion": ["brace-expansion@2.0.1", "", { "dependencies": { "balanced-match": "^1.0.0" } }, ""],

    "@vue/compiler-sfc/magic-string/@jridgewell/sourcemap-codec": ["@jridgewell/sourcemap-codec@1.5.0", "", {}, ""],

    "@vue/compiler-sfc/postcss/picocolors": ["picocolors@1.1.1", "", {}, ""],

    "@vue/compiler-sfc/postcss/source-map-js": ["source-map-js@1.2.1", "", {}, ""],

    "concurrently/rxjs/tslib": ["tslib@1.14.1", "", {}, ""],

    "p-locate/p-limit/yocto-queue": ["yocto-queue@0.1.0", "", {}, ""],

    "restore-cursor/onetime/mimic-fn": ["mimic-fn@2.1.0", "", {}, ""],

    "typescript-transform-paths/minimatch/brace-expansion": ["brace-expansion@2.0.1", "", { "dependencies": { "balanced-match": "^1.0.0" } }, ""],
  }
}
